
Microsoft Visual Studio Solution File, Format Version 12.00
# Visual Studio 2013
VisualStudioVersion = 12.0.31101.0
MinimumVisualStudioVersion = 10.0.40219.1
Project("{FAE04EC0-301F-11D3-BF4B-00C04F79EFBC}") = "ServiceLib", "ServiceLib\ServiceLib.csproj", "{A5D1B2AC-9262-4161-848B-3145ACC23BD9}"
EndProject
Project("{FAE04EC0-301F-11D3-BF4B-00C04F79EFBC}") = "ServiceHost", "..\Host\ServiceHost\ServiceHost.csproj", "{5E514011-9B40-49FC-908B-AC551A0C1423}"
EndProject
Project("{FAE04EC0-301F-11D3-BF4B-00C04F79EFBC}") = "DSA.Database.Model", "..\Projects\DSA.Database.Model\DSA.Database.Model.csproj", "{E71BE83D-E64A-4D52-97AB-0AB7482363F7}"
EndProject
Global
	GlobalSection(SolutionConfigurationPlatforms) = preSolution
		Debug|Any CPU = Debug|Any CPU
		Release|Any CPU = Release|Any CPU
	EndGlobalSection
	GlobalSection(ProjectConfigurationPlatforms) = postSolution
		{A5D1B2AC-9262-4161-848B-3145ACC23BD9}.Debug|Any CPU.ActiveCfg = Debug|Any CPU
		{A5D1B2AC-9262-4161-848B-3145ACC23BD9}.Debug|Any CPU.Build.0 = Debug|Any CPU
		{A5D1B2AC-9262-4161-848B-3145ACC23BD9}.Release|Any CPU.ActiveCfg = Release|Any CPU
		{A5D1B2AC-9262-4161-848B-3145ACC23BD9}.Release|Any CPU.Build.0 = Release|Any CPU
		{5E514011-9B40-49FC-908B-AC551A0C1423}.Debug|Any CPU.ActiveCfg = Debug|Any CPU
		{5E514011-9B40-49FC-908B-AC551A0C1423}.Debug|Any CPU.Build.0 = Debug|Any CPU
		{5E514011-9B40-49FC-908B-AC551A0C1423}.Release|Any CPU.ActiveCfg = Release|Any CPU
		{5E514011-9B40-49FC-908B-AC551A0C1423}.Release|Any CPU.Build.0 = Release|Any CPU
		{E71BE83D-E64A-4D52-97AB-0AB7482363F7}.Debug|Any CPU.ActiveCfg = Debug|Any CPU
		{E71BE83D-E64A-4D52-97AB-0AB7482363F7}.Debug|Any CPU.Build.0 = Debug|Any CPU
		{E71BE83D-E64A-4D52-97AB-0AB7482363F7}.Release|Any CPU.ActiveCfg = Release|Any CPU
		{E71BE83D-E64A-4D52-97AB-0AB7482363F7}.Release|Any CPU.Build.0 = Release|Any CPU
	EndGlobalSection
	GlobalSection(SolutionProperties) = preSolution
		HideSolutionNode = FALSE
	EndGlobalSection
EndGlobal
