
Microsoft Visual Studio Solution File, Format Version 12.00
# Visual Studio 2012
Project("{2150E333-8FDC-42A3-9474-1A3956D46DE8}") = "Common", "Common", "{BFB63336-4C72-4F19-8D9F-C61F6A7F71A1}"
EndProject
Project("{FAE04EC0-301F-11D3-BF4B-00C04F79EFBC}") = "DSA.Common.Infrastructure", "..\..\Common\DSA.Common.Infrastructure\DSA.Common.Infrastructure.csproj", "{EDD4730D-BAC5-4D75-B556-C70C8BFD736B}"
EndProject
Project("{2150E333-8FDC-42A3-9474-1A3956D46DE8}") = "Modules", "Modules", "{BDFF1256-766E-4A69-8A12-919B8CD03E9E}"
	ProjectSection(SolutionItems) = preProject
		Projects\DSA.Database.Model\App.Config = Projects\DSA.Database.Model\App.Config
	EndProjectSection
EndProject
Project("{FAE04EC0-301F-11D3-BF4B-00C04F79EFBC}") = "DSA.Module.Settings", "Projects\DSA.Module.PersonalData\DSA.Module.Settings.csproj", "{3773B378-5D13-414A-8586-BAD50F1B5CD3}"
EndProject
Project("{2150E333-8FDC-42A3-9474-1A3956D46DE8}") = "Shell", "Shell", "{5402A396-0EA0-4417-A9BD-40F44D314619}"
EndProject
Project("{FAE04EC0-301F-11D3-BF4B-00C04F79EFBC}") = "ClientShell", "ClientShell\ClientShell.csproj", "{F80D54AD-343E-4687-AD8B-94385BB86E51}"
EndProject
Project("{FAE04EC0-301F-11D3-BF4B-00C04F79EFBC}") = "DSA.Common.Controls", "..\..\Common\DSA.Common.Controls\DSA.Common.Controls.csproj", "{31F537E0-57EB-4962-99C8-F9793315FFDD}"
EndProject
Project("{FAE04EC0-301F-11D3-BF4B-00C04F79EFBC}") = "DSA.Module.DentalRecords", "Projects\DSA.Module.DentalRecords\DSA.Module.DentalRecords.csproj", "{B925EB8F-0098-436D-944C-B5455E46EFE2}"
EndProject
Project("{FAE04EC0-301F-11D3-BF4B-00C04F79EFBC}") = "DSA.Database.Model", "Projects\DSA.Database.Model\DSA.Database.Model.csproj", "{E71BE83D-E64A-4D52-97AB-0AB7482363F7}"
EndProject
Project("{FAE04EC0-301F-11D3-BF4B-00C04F79EFBC}") = "DSA.FileUpload", "..\..\Common\DSA.FileUpload\DSA.FileUpload.csproj", "{D568745D-4033-44B5-B59A-8DCEBFA7B7ED}"
EndProject
Project("{FAE04EC0-301F-11D3-BF4B-00C04F79EFBC}") = "DSA.Filters", "Projects\DSA.Filters\DSA.Filters.csproj", "{303157E9-A248-4BB7-8CB7-EB39B107623B}"
EndProject
Project("{FAE04EC0-301F-11D3-BF4B-00C04F79EFBC}") = "DSA.Reports", "Projects\DSA.Reports\DSA.Reports.csproj", "{1197354D-6B56-4308-A0D3-7E578BB36B34}"
EndProject
Project("{FAE04EC0-301F-11D3-BF4B-00C04F79EFBC}") = "DSA.Module.PersonalInfo", "Projects\DSA.Module.PersonalInfo\DSA.Module.PersonalInfo.csproj", "{AE1B0290-936E-4D8F-9973-35153F804C6F}"
EndProject
Project("{FAE04EC0-301F-11D3-BF4B-00C04F79EFBC}") = "DSA.Financial", "Projects\DSA.Financial\DSA.Financial.csproj", "{B79DBC09-E460-4146-8B73-F6A7FFA0B408}"
EndProject
Project("{FAE04EC0-301F-11D3-BF4B-00C04F79EFBC}") = "DSA.Login", "Projects\DSA.Login\DSA.Login.csproj", "{A2F29039-36DC-4C2F-80EB-5EA3A839337D}"
EndProject
Project("{FAE04EC0-301F-11D3-BF4B-00C04F79EFBC}") = "DTS.FtpConnection", "..\..\Common\DTS.FtpConnection\DTS.FtpConnection.csproj", "{26776D77-D1EF-464B-92C9-CB8989B8E882}"
EndProject
Global
	GlobalSection(SolutionConfigurationPlatforms) = preSolution
		Debug|Any CPU = Debug|Any CPU
		Release|Any CPU = Release|Any CPU
	EndGlobalSection
	GlobalSection(ProjectConfigurationPlatforms) = postSolution
		{EDD4730D-BAC5-4D75-B556-C70C8BFD736B}.Debug|Any CPU.ActiveCfg = Debug|Any CPU
		{EDD4730D-BAC5-4D75-B556-C70C8BFD736B}.Debug|Any CPU.Build.0 = Debug|Any CPU
		{EDD4730D-BAC5-4D75-B556-C70C8BFD736B}.Release|Any CPU.ActiveCfg = Release|Any CPU
		{EDD4730D-BAC5-4D75-B556-C70C8BFD736B}.Release|Any CPU.Build.0 = Release|Any CPU
		{3773B378-5D13-414A-8586-BAD50F1B5CD3}.Debug|Any CPU.ActiveCfg = Debug|Any CPU
		{3773B378-5D13-414A-8586-BAD50F1B5CD3}.Debug|Any CPU.Build.0 = Debug|Any CPU
		{3773B378-5D13-414A-8586-BAD50F1B5CD3}.Release|Any CPU.ActiveCfg = Release|Any CPU
		{3773B378-5D13-414A-8586-BAD50F1B5CD3}.Release|Any CPU.Build.0 = Release|Any CPU
		{F80D54AD-343E-4687-AD8B-94385BB86E51}.Debug|Any CPU.ActiveCfg = Debug|Any CPU
		{F80D54AD-343E-4687-AD8B-94385BB86E51}.Debug|Any CPU.Build.0 = Debug|Any CPU
		{F80D54AD-343E-4687-AD8B-94385BB86E51}.Release|Any CPU.ActiveCfg = Release|Any CPU
		{F80D54AD-343E-4687-AD8B-94385BB86E51}.Release|Any CPU.Build.0 = Release|Any CPU
		{31F537E0-57EB-4962-99C8-F9793315FFDD}.Debug|Any CPU.ActiveCfg = Debug|Any CPU
		{31F537E0-57EB-4962-99C8-F9793315FFDD}.Debug|Any CPU.Build.0 = Debug|Any CPU
		{31F537E0-57EB-4962-99C8-F9793315FFDD}.Release|Any CPU.ActiveCfg = Release|Any CPU
		{31F537E0-57EB-4962-99C8-F9793315FFDD}.Release|Any CPU.Build.0 = Release|Any CPU
		{B925EB8F-0098-436D-944C-B5455E46EFE2}.Debug|Any CPU.ActiveCfg = Debug|Any CPU
		{B925EB8F-0098-436D-944C-B5455E46EFE2}.Debug|Any CPU.Build.0 = Debug|Any CPU
		{B925EB8F-0098-436D-944C-B5455E46EFE2}.Release|Any CPU.ActiveCfg = Release|Any CPU
		{B925EB8F-0098-436D-944C-B5455E46EFE2}.Release|Any CPU.Build.0 = Release|Any CPU
		{E71BE83D-E64A-4D52-97AB-0AB7482363F7}.Debug|Any CPU.ActiveCfg = Debug|Any CPU
		{E71BE83D-E64A-4D52-97AB-0AB7482363F7}.Debug|Any CPU.Build.0 = Debug|Any CPU
		{E71BE83D-E64A-4D52-97AB-0AB7482363F7}.Release|Any CPU.ActiveCfg = Release|Any CPU
		{E71BE83D-E64A-4D52-97AB-0AB7482363F7}.Release|Any CPU.Build.0 = Release|Any CPU
		{D568745D-4033-44B5-B59A-8DCEBFA7B7ED}.Debug|Any CPU.ActiveCfg = Debug|Any CPU
		{D568745D-4033-44B5-B59A-8DCEBFA7B7ED}.Debug|Any CPU.Build.0 = Debug|Any CPU
		{D568745D-4033-44B5-B59A-8DCEBFA7B7ED}.Release|Any CPU.ActiveCfg = Release|Any CPU
		{D568745D-4033-44B5-B59A-8DCEBFA7B7ED}.Release|Any CPU.Build.0 = Release|Any CPU
		{303157E9-A248-4BB7-8CB7-EB39B107623B}.Debug|Any CPU.ActiveCfg = Debug|Any CPU
		{303157E9-A248-4BB7-8CB7-EB39B107623B}.Debug|Any CPU.Build.0 = Debug|Any CPU
		{303157E9-A248-4BB7-8CB7-EB39B107623B}.Release|Any CPU.ActiveCfg = Release|Any CPU
		{303157E9-A248-4BB7-8CB7-EB39B107623B}.Release|Any CPU.Build.0 = Release|Any CPU
		{1197354D-6B56-4308-A0D3-7E578BB36B34}.Debug|Any CPU.ActiveCfg = Debug|Any CPU
		{1197354D-6B56-4308-A0D3-7E578BB36B34}.Debug|Any CPU.Build.0 = Debug|Any CPU
		{1197354D-6B56-4308-A0D3-7E578BB36B34}.Release|Any CPU.ActiveCfg = Release|Any CPU
		{1197354D-6B56-4308-A0D3-7E578BB36B34}.Release|Any CPU.Build.0 = Release|Any CPU
		{AE1B0290-936E-4D8F-9973-35153F804C6F}.Debug|Any CPU.ActiveCfg = Debug|Any CPU
		{AE1B0290-936E-4D8F-9973-35153F804C6F}.Debug|Any CPU.Build.0 = Debug|Any CPU
		{AE1B0290-936E-4D8F-9973-35153F804C6F}.Release|Any CPU.ActiveCfg = Release|Any CPU
		{AE1B0290-936E-4D8F-9973-35153F804C6F}.Release|Any CPU.Build.0 = Release|Any CPU
		{B79DBC09-E460-4146-8B73-F6A7FFA0B408}.Debug|Any CPU.ActiveCfg = Debug|Any CPU
		{B79DBC09-E460-4146-8B73-F6A7FFA0B408}.Debug|Any CPU.Build.0 = Debug|Any CPU
		{B79DBC09-E460-4146-8B73-F6A7FFA0B408}.Release|Any CPU.ActiveCfg = Release|Any CPU
		{B79DBC09-E460-4146-8B73-F6A7FFA0B408}.Release|Any CPU.Build.0 = Release|Any CPU
		{A2F29039-36DC-4C2F-80EB-5EA3A839337D}.Debug|Any CPU.ActiveCfg = Debug|Any CPU
		{A2F29039-36DC-4C2F-80EB-5EA3A839337D}.Debug|Any CPU.Build.0 = Debug|Any CPU
		{A2F29039-36DC-4C2F-80EB-5EA3A839337D}.Release|Any CPU.ActiveCfg = Release|Any CPU
		{A2F29039-36DC-4C2F-80EB-5EA3A839337D}.Release|Any CPU.Build.0 = Release|Any CPU
		{26776D77-D1EF-464B-92C9-CB8989B8E882}.Debug|Any CPU.ActiveCfg = Debug|Any CPU
		{26776D77-D1EF-464B-92C9-CB8989B8E882}.Debug|Any CPU.Build.0 = Debug|Any CPU
		{26776D77-D1EF-464B-92C9-CB8989B8E882}.Release|Any CPU.ActiveCfg = Release|Any CPU
		{26776D77-D1EF-464B-92C9-CB8989B8E882}.Release|Any CPU.Build.0 = Release|Any CPU
	EndGlobalSection
	GlobalSection(SolutionProperties) = preSolution
		HideSolutionNode = FALSE
	EndGlobalSection
	GlobalSection(NestedProjects) = preSolution
		{EDD4730D-BAC5-4D75-B556-C70C8BFD736B} = {BFB63336-4C72-4F19-8D9F-C61F6A7F71A1}
		{31F537E0-57EB-4962-99C8-F9793315FFDD} = {BFB63336-4C72-4F19-8D9F-C61F6A7F71A1}
		{E71BE83D-E64A-4D52-97AB-0AB7482363F7} = {BFB63336-4C72-4F19-8D9F-C61F6A7F71A1}
		{D568745D-4033-44B5-B59A-8DCEBFA7B7ED} = {BFB63336-4C72-4F19-8D9F-C61F6A7F71A1}
		{26776D77-D1EF-464B-92C9-CB8989B8E882} = {BFB63336-4C72-4F19-8D9F-C61F6A7F71A1}
		{3773B378-5D13-414A-8586-BAD50F1B5CD3} = {BDFF1256-766E-4A69-8A12-919B8CD03E9E}
		{B925EB8F-0098-436D-944C-B5455E46EFE2} = {BDFF1256-766E-4A69-8A12-919B8CD03E9E}
		{303157E9-A248-4BB7-8CB7-EB39B107623B} = {BDFF1256-766E-4A69-8A12-919B8CD03E9E}
		{1197354D-6B56-4308-A0D3-7E578BB36B34} = {BDFF1256-766E-4A69-8A12-919B8CD03E9E}
		{AE1B0290-936E-4D8F-9973-35153F804C6F} = {BDFF1256-766E-4A69-8A12-919B8CD03E9E}
		{B79DBC09-E460-4146-8B73-F6A7FFA0B408} = {BDFF1256-766E-4A69-8A12-919B8CD03E9E}
		{A2F29039-36DC-4C2F-80EB-5EA3A839337D} = {BDFF1256-766E-4A69-8A12-919B8CD03E9E}
		{F80D54AD-343E-4687-AD8B-94385BB86E51} = {5402A396-0EA0-4417-A9BD-40F44D314619}
	EndGlobalSection
EndGlobal
